
Microsoft Visual Studio Solution File, Format Version 12.00
# Visual Studio Version 17
VisualStudioVersion = 17.0.31903.59
MinimumVisualStudioVersion = 10.0.40219.1
Project("{FAE04EC0-301F-11D3-BF4B-00C04F79EFBC}") = "BusX.Domain", "BusX.Domain\BusX.Domain.csproj", "{A751BC1F-A2B9-4D76-8B5F-0BF25D6E6F7E}"
EndProject
Project("{FAE04EC0-301F-11D3-BF4B-00C04F79EFBC}") = "BusX.Infrastructure", "BusX.Infrastructure\BusX.Infrastructure.csproj", "{609946A5-6233-4439-A1F4-3916F0E78B20}"
EndProject
Project("{FAE04EC0-301F-11D3-BF4B-00C04F79EFBC}") = "BusX.Api", "BusX.Api\BusX.Api.csproj", "{3BEDBEB4-94BF-481C-8E53-78F63CE6E969}"
EndProject
Project("{FAE04EC0-301F-11D3-BF4B-00C04F79EFBC}") = "BusX.Tests", "BusX.Tests\BusX.Tests.csproj", "{822A1B80-B0C5-422B-8763-5CA9BEE5A0BC}"
EndProject
Project("{2150E333-8FDC-42A3-9474-1A3956D46DE8}") = "src", "src", "{02EA681E-C7D8-13C7-8484-4AC65E1B71E8}"
EndProject
Project("{2150E333-8FDC-42A3-9474-1A3956D46DE8}") = "1 - Presantation", "1 - Presantation", "{1FD5D578-C221-4E2C-820E-1D96504071D1}"
EndProject
Project("{2150E333-8FDC-42A3-9474-1A3956D46DE8}") = "2 - Application", "2 - Application", "{8D3EB632-31D9-4EBB-B1B0-A9E1F4AB0AE0}"
EndProject
Project("{2150E333-8FDC-42A3-9474-1A3956D46DE8}") = "3 - Infrastructure", "3 - Infrastructure", "{4A26D527-23E1-4401-9A3A-BC9BCEDE557B}"
EndProject
Project("{2150E333-8FDC-42A3-9474-1A3956D46DE8}") = "test", "test", "{E4A25CBA-36B8-475D-8FD1-311EC8398031}"
EndProject
Global
	GlobalSection(SolutionConfigurationPlatforms) = preSolution
		Debug|Any CPU = Debug|Any CPU
		Debug|x64 = Debug|x64
		Debug|x86 = Debug|x86
		Release|Any CPU = Release|Any CPU
		Release|x64 = Release|x64
		Release|x86 = Release|x86
	EndGlobalSection
	GlobalSection(ProjectConfigurationPlatforms) = postSolution
		{A751BC1F-A2B9-4D76-8B5F-0BF25D6E6F7E}.Debug|Any CPU.ActiveCfg = Debug|Any CPU
		{A751BC1F-A2B9-4D76-8B5F-0BF25D6E6F7E}.Debug|Any CPU.Build.0 = Debug|Any CPU
		{A751BC1F-A2B9-4D76-8B5F-0BF25D6E6F7E}.Debug|x64.ActiveCfg = Debug|Any CPU
		{A751BC1F-A2B9-4D76-8B5F-0BF25D6E6F7E}.Debug|x64.Build.0 = Debug|Any CPU
		{A751BC1F-A2B9-4D76-8B5F-0BF25D6E6F7E}.Debug|x86.ActiveCfg = Debug|Any CPU
		{A751BC1F-A2B9-4D76-8B5F-0BF25D6E6F7E}.Debug|x86.Build.0 = Debug|Any CPU
		{A751BC1F-A2B9-4D76-8B5F-0BF25D6E6F7E}.Release|Any CPU.ActiveCfg = Release|Any CPU
		{A751BC1F-A2B9-4D76-8B5F-0BF25D6E6F7E}.Release|Any CPU.Build.0 = Release|Any CPU
		{A751BC1F-A2B9-4D76-8B5F-0BF25D6E6F7E}.Release|x64.ActiveCfg = Release|Any CPU
		{A751BC1F-A2B9-4D76-8B5F-0BF25D6E6F7E}.Release|x64.Build.0 = Release|Any CPU
		{A751BC1F-A2B9-4D76-8B5F-0BF25D6E6F7E}.Release|x86.ActiveCfg = Release|Any CPU
		{A751BC1F-A2B9-4D76-8B5F-0BF25D6E6F7E}.Release|x86.Build.0 = Release|Any CPU
		{609946A5-6233-4439-A1F4-3916F0E78B20}.Debug|Any CPU.ActiveCfg = Debug|Any CPU
		{609946A5-6233-4439-A1F4-3916F0E78B20}.Debug|Any CPU.Build.0 = Debug|Any CPU
		{609946A5-6233-4439-A1F4-3916F0E78B20}.Debug|x64.ActiveCfg = Debug|Any CPU
		{609946A5-6233-4439-A1F4-3916F0E78B20}.Debug|x64.Build.0 = Debug|Any CPU
		{609946A5-6233-4439-A1F4-3916F0E78B20}.Debug|x86.ActiveCfg = Debug|Any CPU
		{609946A5-6233-4439-A1F4-3916F0E78B20}.Debug|x86.Build.0 = Debug|Any CPU
		{609946A5-6233-4439-A1F4-3916F0E78B20}.Release|Any CPU.ActiveCfg = Release|Any CPU
		{609946A5-6233-4439-A1F4-3916F0E78B20}.Release|Any CPU.Build.0 = Release|Any CPU
		{609946A5-6233-4439-A1F4-3916F0E78B20}.Release|x64.ActiveCfg = Release|Any CPU
		{609946A5-6233-4439-A1F4-3916F0E78B20}.Release|x64.Build.0 = Release|Any CPU
		{609946A5-6233-4439-A1F4-3916F0E78B20}.Release|x86.ActiveCfg = Release|Any CPU
		{609946A5-6233-4439-A1F4-3916F0E78B20}.Release|x86.Build.0 = Release|Any CPU
		{3BEDBEB4-94BF-481C-8E53-78F63CE6E969}.Debug|Any CPU.ActiveCfg = Debug|Any CPU
		{3BEDBEB4-94BF-481C-8E53-78F63CE6E969}.Debug|Any CPU.Build.0 = Debug|Any CPU
		{3BEDBEB4-94BF-481C-8E53-78F63CE6E969}.Debug|x64.ActiveCfg = Debug|Any CPU
		{3BEDBEB4-94BF-481C-8E53-78F63CE6E969}.Debug|x64.Build.0 = Debug|Any CPU
		{3BEDBEB4-94BF-481C-8E53-78F63CE6E969}.Debug|x86.ActiveCfg = Debug|Any CPU
		{3BEDBEB4-94BF-481C-8E53-78F63CE6E969}.Debug|x86.Build.0 = Debug|Any CPU
		{3BEDBEB4-94BF-481C-8E53-78F63CE6E969}.Release|Any CPU.ActiveCfg = Release|Any CPU
		{3BEDBEB4-94BF-481C-8E53-78F63CE6E969}.Release|Any CPU.Build.0 = Release|Any CPU
		{3BEDBEB4-94BF-481C-8E53-78F63CE6E969}.Release|x64.ActiveCfg = Release|Any CPU
		{3BEDBEB4-94BF-481C-8E53-78F63CE6E969}.Release|x64.Build.0 = Release|Any CPU
		{3BEDBEB4-94BF-481C-8E53-78F63CE6E969}.Release|x86.ActiveCfg = Release|Any CPU
		{3BEDBEB4-94BF-481C-8E53-78F63CE6E969}.Release|x86.Build.0 = Release|Any CPU
		{822A1B80-B0C5-422B-8763-5CA9BEE5A0BC}.Debug|Any CPU.ActiveCfg = Debug|Any CPU
		{822A1B80-B0C5-422B-8763-5CA9BEE5A0BC}.Debug|Any CPU.Build.0 = Debug|Any CPU
		{822A1B80-B0C5-422B-8763-5CA9BEE5A0BC}.Debug|x64.ActiveCfg = Debug|Any CPU
		{822A1B80-B0C5-422B-8763-5CA9BEE5A0BC}.Debug|x64.Build.0 = Debug|Any CPU
		{822A1B80-B0C5-422B-8763-5CA9BEE5A0BC}.Debug|x86.ActiveCfg = Debug|Any CPU
		{822A1B80-B0C5-422B-8763-5CA9BEE5A0BC}.Debug|x86.Build.0 = Debug|Any CPU
		{822A1B80-B0C5-422B-8763-5CA9BEE5A0BC}.Release|Any CPU.ActiveCfg = Release|Any CPU
		{822A1B80-B0C5-422B-8763-5CA9BEE5A0BC}.Release|Any CPU.Build.0 = Release|Any CPU
		{822A1B80-B0C5-422B-8763-5CA9BEE5A0BC}.Release|x64.ActiveCfg = Release|Any CPU
		{822A1B80-B0C5-422B-8763-5CA9BEE5A0BC}.Release|x64.Build.0 = Release|Any CPU
		{822A1B80-B0C5-422B-8763-5CA9BEE5A0BC}.Release|x86.ActiveCfg = Release|Any CPU
		{822A1B80-B0C5-422B-8763-5CA9BEE5A0BC}.Release|x86.Build.0 = Release|Any CPU
	EndGlobalSection
	GlobalSection(SolutionProperties) = preSolution
		HideSolutionNode = FALSE
	EndGlobalSection
	GlobalSection(NestedProjects) = preSolution
		{A751BC1F-A2B9-4D76-8B5F-0BF25D6E6F7E} = {8D3EB632-31D9-4EBB-B1B0-A9E1F4AB0AE0}
		{609946A5-6233-4439-A1F4-3916F0E78B20} = {4A26D527-23E1-4401-9A3A-BC9BCEDE557B}
		{3BEDBEB4-94BF-481C-8E53-78F63CE6E969} = {1FD5D578-C221-4E2C-820E-1D96504071D1}
		{822A1B80-B0C5-422B-8763-5CA9BEE5A0BC} = {E4A25CBA-36B8-475D-8FD1-311EC8398031}
		{1FD5D578-C221-4E2C-820E-1D96504071D1} = {02EA681E-C7D8-13C7-8484-4AC65E1B71E8}
		{8D3EB632-31D9-4EBB-B1B0-A9E1F4AB0AE0} = {02EA681E-C7D8-13C7-8484-4AC65E1B71E8}
		{4A26D527-23E1-4401-9A3A-BC9BCEDE557B} = {02EA681E-C7D8-13C7-8484-4AC65E1B71E8}
	EndGlobalSection
	GlobalSection(ExtensibilityGlobals) = postSolution
		SolutionGuid = {BEF44EFE-F588-4918-B6B0-BDDDE0DDEFA1}
	EndGlobalSection
EndGlobal
